
Microsoft Visual Studio Solution File, Format Version 12.00
# Visual Studio Version 17
VisualStudioVersion = 17.6.33829.357
MinimumVisualStudioVersion = 10.0.40219.1
Project("{9A19103F-16F7-4668-BE54-9A1E7A4F7556}") = "Cloud7CMS", "Cloud7CMS\Cloud7CMS.csproj", "{16E13F8C-1E4D-4A63-886D-8527C5E4101E}"
EndProject
Global
	GlobalSection(SolutionConfigurationPlatforms) = preSolution
		Debug|Any CPU = Debug|Any CPU
		Release|Any CPU = Release|Any CPU
	EndGlobalSection
	GlobalSection(ProjectConfigurationPlatforms) = postSolution
		{16E13F8C-1E4D-4A63-886D-8527C5E4101E}.Debug|Any CPU.ActiveCfg = Debug|Any CPU
		{16E13F8C-1E4D-4A63-886D-8527C5E4101E}.Debug|Any CPU.Build.0 = Debug|Any CPU
		{16E13F8C-1E4D-4A63-886D-8527C5E4101E}.Release|Any CPU.ActiveCfg = Release|Any CPU
		{16E13F8C-1E4D-4A63-886D-8527C5E4101E}.Release|Any CPU.Build.0 = Release|Any CPU
	EndGlobalSection
	GlobalSection(SolutionProperties) = preSolution
		HideSolutionNode = FALSE
	EndGlobalSection
	GlobalSection(ExtensibilityGlobals) = postSolution
		SolutionGuid = {1E546478-5FC8-4BF9-BE76-E863A44879F7}
	EndGlobalSection
EndGlobal
